
Microsoft Visual Studio Solution File, Format Version 12.00
# Visual Studio Version 16
VisualStudioVersion = 16.0.29509.3
MinimumVisualStudioVersion = 10.0.40219.1
Project("{2150E333-8FDC-42A3-9474-1A3956D46DE8}") = "Project", "Project", "{4CE21CDB-47DC-46B4-9F66-50AF6B320FB6}"
EndProject
Project("{2150E333-8FDC-42A3-9474-1A3956D46DE8}") = "Tools", "Tools", "{102A44E0-1566-489C-8ADA-AF733B51CEA0}"
EndProject
Project("{2150E333-8FDC-42A3-9474-1A3956D46DE8}") = "Libs", "Libs", "{55CB3B77-C960-4E01-8BDD-0457970E4574}"
EndProject
Project("{FAE04EC0-301F-11D3-BF4B-00C04F79EFBC}") = "Vodka4Net", "Vodka4Net\Vodka4Net.csproj", "{1F7733FE-7658-4298-8DD4-9B082D7B9F2B}"
EndProject
Project("{2150E333-8FDC-42A3-9474-1A3956D46DE8}") = "Solution Items", "Solution Items", "{9EDF15BD-8DA0-4B32-97C8-D25244ADE060}"
	ProjectSection(SolutionItems) = preProject
		..\README.md = ..\README.md
	EndProjectSection
EndProject
Project("{2150E333-8FDC-42A3-9474-1A3956D46DE8}") = "Simulation", "Simulation", "{59B7E1E3-9634-44FE-A9BE-8D1299848ACB}"
EndProject
Project("{FAE04EC0-301F-11D3-BF4B-00C04F79EFBC}") = "SimFireWater", "SimFireWater\SimFireWater.csproj", "{5CA34C50-9F85-4951-B099-DF86EBFEFB15}"
EndProject
Project("{FAE04EC0-301F-11D3-BF4B-00C04F79EFBC}") = "SimJustFloat", "SimJustFloat\SimJustFloat.csproj", "{E08F3983-A9B0-4671-8260-CD961BE6A892}"
EndProject
Project("{9A19103F-16F7-4668-BE54-9A1E7A4F7556}") = "MyToolkits.Sockets", "..\..\LTSProject\LTSProject\MyToolkits.Sockets\MyToolkits.Sockets.csproj", "{B8AD5565-6695-4FA0-BEE1-D4A8A858030F}"
EndProject
Global
	GlobalSection(SolutionConfigurationPlatforms) = preSolution
		Debug|Any CPU = Debug|Any CPU
		Release|Any CPU = Release|Any CPU
	EndGlobalSection
	GlobalSection(ProjectConfigurationPlatforms) = postSolution
		{1F7733FE-7658-4298-8DD4-9B082D7B9F2B}.Debug|Any CPU.ActiveCfg = Debug|Any CPU
		{1F7733FE-7658-4298-8DD4-9B082D7B9F2B}.Debug|Any CPU.Build.0 = Debug|Any CPU
		{1F7733FE-7658-4298-8DD4-9B082D7B9F2B}.Release|Any CPU.ActiveCfg = Release|Any CPU
		{1F7733FE-7658-4298-8DD4-9B082D7B9F2B}.Release|Any CPU.Build.0 = Release|Any CPU
		{5CA34C50-9F85-4951-B099-DF86EBFEFB15}.Debug|Any CPU.ActiveCfg = Debug|Any CPU
		{5CA34C50-9F85-4951-B099-DF86EBFEFB15}.Debug|Any CPU.Build.0 = Debug|Any CPU
		{5CA34C50-9F85-4951-B099-DF86EBFEFB15}.Release|Any CPU.ActiveCfg = Release|Any CPU
		{5CA34C50-9F85-4951-B099-DF86EBFEFB15}.Release|Any CPU.Build.0 = Release|Any CPU
		{E08F3983-A9B0-4671-8260-CD961BE6A892}.Debug|Any CPU.ActiveCfg = Debug|Any CPU
		{E08F3983-A9B0-4671-8260-CD961BE6A892}.Debug|Any CPU.Build.0 = Debug|Any CPU
		{E08F3983-A9B0-4671-8260-CD961BE6A892}.Release|Any CPU.ActiveCfg = Release|Any CPU
		{E08F3983-A9B0-4671-8260-CD961BE6A892}.Release|Any CPU.Build.0 = Release|Any CPU
		{B8AD5565-6695-4FA0-BEE1-D4A8A858030F}.Debug|Any CPU.ActiveCfg = Debug|Any CPU
		{B8AD5565-6695-4FA0-BEE1-D4A8A858030F}.Debug|Any CPU.Build.0 = Debug|Any CPU
		{B8AD5565-6695-4FA0-BEE1-D4A8A858030F}.Release|Any CPU.ActiveCfg = Release|Any CPU
		{B8AD5565-6695-4FA0-BEE1-D4A8A858030F}.Release|Any CPU.Build.0 = Release|Any CPU
	EndGlobalSection
	GlobalSection(SolutionProperties) = preSolution
		HideSolutionNode = FALSE
	EndGlobalSection
	GlobalSection(NestedProjects) = preSolution
		{1F7733FE-7658-4298-8DD4-9B082D7B9F2B} = {4CE21CDB-47DC-46B4-9F66-50AF6B320FB6}
		{9EDF15BD-8DA0-4B32-97C8-D25244ADE060} = {102A44E0-1566-489C-8ADA-AF733B51CEA0}
		{59B7E1E3-9634-44FE-A9BE-8D1299848ACB} = {102A44E0-1566-489C-8ADA-AF733B51CEA0}
		{5CA34C50-9F85-4951-B099-DF86EBFEFB15} = {59B7E1E3-9634-44FE-A9BE-8D1299848ACB}
		{E08F3983-A9B0-4671-8260-CD961BE6A892} = {59B7E1E3-9634-44FE-A9BE-8D1299848ACB}
		{B8AD5565-6695-4FA0-BEE1-D4A8A858030F} = {55CB3B77-C960-4E01-8BDD-0457970E4574}
	EndGlobalSection
	GlobalSection(ExtensibilityGlobals) = postSolution
		SolutionGuid = {B4C5D8C3-D62C-4D15-A65E-E2E8A3756CA6}
	EndGlobalSection
EndGlobal
